
Microsoft Visual Studio Solution File, Format Version 12.00
# Visual Studio Version 16
VisualStudioVersion = 16.0.28917.182
MinimumVisualStudioVersion = 10.0.40219.1
Project("{9A19103F-16F7-4668-BE54-9A1E7A4F7556}") = "pt-pal-backend", "pt-pal-backend\pt-pal-backend.csproj", "{D022DA6F-3727-43F7-A608-F7565E19BABA}"
EndProject
Project("{2150E333-8FDC-42A3-9474-1A3956D46DE8}") = "pt-pal-frontend", "pt-pal-frontend", "{5B47AB71-7874-420B-B51E-980F3F80F67D}"
	ProjectSection(SolutionItems) = preProject
		board.css = board.css
		pt-pal-frontend\index.html = pt-pal-frontend\index.html
		pt-pal-frontend\like_button.js = pt-pal-frontend\like_button.js
	EndProjectSection
EndProject
Project("{2150E333-8FDC-42A3-9474-1A3956D46DE8}") = "scripts", "scripts", "{1FB0909F-FE3C-4500-82AB-CD3F1D3FBB93}"
	ProjectSection(SolutionItems) = preProject
		react-dom.development.js = react-dom.development.js
		react.development.js = react.development.js
	EndProjectSection
EndProject
Global
	GlobalSection(SolutionConfigurationPlatforms) = preSolution
		Debug|Any CPU = Debug|Any CPU
		Release|Any CPU = Release|Any CPU
	EndGlobalSection
	GlobalSection(ProjectConfigurationPlatforms) = postSolution
		{D022DA6F-3727-43F7-A608-F7565E19BABA}.Debug|Any CPU.ActiveCfg = Debug|Any CPU
		{D022DA6F-3727-43F7-A608-F7565E19BABA}.Debug|Any CPU.Build.0 = Debug|Any CPU
		{D022DA6F-3727-43F7-A608-F7565E19BABA}.Release|Any CPU.ActiveCfg = Release|Any CPU
		{D022DA6F-3727-43F7-A608-F7565E19BABA}.Release|Any CPU.Build.0 = Release|Any CPU
	EndGlobalSection
	GlobalSection(SolutionProperties) = preSolution
		HideSolutionNode = FALSE
	EndGlobalSection
	GlobalSection(NestedProjects) = preSolution
		{1FB0909F-FE3C-4500-82AB-CD3F1D3FBB93} = {5B47AB71-7874-420B-B51E-980F3F80F67D}
	EndGlobalSection
	GlobalSection(ExtensibilityGlobals) = postSolution
		SolutionGuid = {A3C607D7-F391-4D29-909D-E1838629A0DB}
	EndGlobalSection
EndGlobal
